
Microsoft Visual Studio Solution File, Format Version 12.00
# Visual Studio Version 17
VisualStudioVersion = 17.1.32421.90
MinimumVisualStudioVersion = 10.0.40219.1
Project("{9A19103F-16F7-4668-BE54-9A1E7A4F7556}") = "SWP391_PreCookingPackage", "SWP391_PreCookingPackage\SWP391_PreCookingPackage.csproj", "{78CD08A8-5610-493C-9C0B-0DC58107073F}"
EndProject
Project("{9A19103F-16F7-4668-BE54-9A1E7A4F7556}") = "AdminView", "AdminView\AdminView.csproj", "{82016CC1-8452-4CFF-BD65-5309C1686FBE}"
EndProject
Global
	GlobalSection(SolutionConfigurationPlatforms) = preSolution
		Debug|Any CPU = Debug|Any CPU
		Release|Any CPU = Release|Any CPU
	EndGlobalSection
	GlobalSection(ProjectConfigurationPlatforms) = postSolution
		{78CD08A8-5610-493C-9C0B-0DC58107073F}.Debug|Any CPU.ActiveCfg = Debug|Any CPU
		{78CD08A8-5610-493C-9C0B-0DC58107073F}.Debug|Any CPU.Build.0 = Debug|Any CPU
		{78CD08A8-5610-493C-9C0B-0DC58107073F}.Release|Any CPU.ActiveCfg = Release|Any CPU
		{78CD08A8-5610-493C-9C0B-0DC58107073F}.Release|Any CPU.Build.0 = Release|Any CPU
		{82016CC1-8452-4CFF-BD65-5309C1686FBE}.Debug|Any CPU.ActiveCfg = Debug|Any CPU
		{82016CC1-8452-4CFF-BD65-5309C1686FBE}.Debug|Any CPU.Build.0 = Debug|Any CPU
		{82016CC1-8452-4CFF-BD65-5309C1686FBE}.Release|Any CPU.ActiveCfg = Release|Any CPU
		{82016CC1-8452-4CFF-BD65-5309C1686FBE}.Release|Any CPU.Build.0 = Release|Any CPU
	EndGlobalSection
	GlobalSection(SolutionProperties) = preSolution
		HideSolutionNode = FALSE
	EndGlobalSection
	GlobalSection(ExtensibilityGlobals) = postSolution
		SolutionGuid = {AD673A2F-1328-4E70-B39F-AD565F19FC09}
	EndGlobalSection
EndGlobal
