
Microsoft Visual Studio Solution File, Format Version 12.00
# Visual Studio Version 17
VisualStudioVersion = 17.1.32421.90
MinimumVisualStudioVersion = 10.0.40219.1
Project("{FAE04EC0-301F-11D3-BF4B-00C04F79EFBC}") = "SWP391_PreCookingPackage", "SWP391_PreCookingPackage\SWP391_PreCookingPackage.csproj", "{78CD08A8-5610-493C-9C0B-0DC58107073F}"
EndProject
Global
	GlobalSection(SolutionConfigurationPlatforms) = preSolution
		Debug|Any CPU = Debug|Any CPU
		Release|Any CPU = Release|Any CPU
	EndGlobalSection
	GlobalSection(ProjectConfigurationPlatforms) = postSolution
		{78CD08A8-5610-493C-9C0B-0DC58107073F}.Debug|Any CPU.ActiveCfg = Debug|Any CPU
		{78CD08A8-5610-493C-9C0B-0DC58107073F}.Debug|Any CPU.Build.0 = Debug|Any CPU
		{78CD08A8-5610-493C-9C0B-0DC58107073F}.Release|Any CPU.ActiveCfg = Release|Any CPU
		{78CD08A8-5610-493C-9C0B-0DC58107073F}.Release|Any CPU.Build.0 = Release|Any CPU
	EndGlobalSection
	GlobalSection(SolutionProperties) = preSolution
		HideSolutionNode = FALSE
	EndGlobalSection
	GlobalSection(ExtensibilityGlobals) = postSolution
		SolutionGuid = {AD673A2F-1328-4E70-B39F-AD565F19FC09}
	EndGlobalSection
EndGlobal
